
Microsoft Visual Studio Solution File, Format Version 12.00
# Visual Studio Version 16
VisualStudioVersion = 16.0.30611.23
MinimumVisualStudioVersion = 10.0.40219.1
Project("{8BC9CEB8-8B4A-11D0-8D11-00A0C91BC942}") = "0_绪论", "0_绪论\0_绪论.vcxproj", "{EDEAB645-1159-4C8E-8F82-A83101E9AC36}"
EndProject
Project("{8BC9CEB8-8B4A-11D0-8D11-00A0C91BC942}") = "1_顺序表", "1_顺序表\1_顺序表.vcxproj", "{E4C76E54-67FA-4CE3-89E6-4DAFE8264C5B}"
	ProjectSection(ProjectDependencies) = postProject
		{EDEAB645-1159-4C8E-8F82-A83101E9AC36} = {EDEAB645-1159-4C8E-8F82-A83101E9AC36}
	EndProjectSection
EndProject
Project("{8BC9CEB8-8B4A-11D0-8D11-00A0C91BC942}") = "1.1_动态顺序表", "1.1_动态顺序表\1.1_动态顺序表.vcxproj", "{EC927F71-EE1A-42A6-B404-57EE70E3CC93}"
	ProjectSection(ProjectDependencies) = postProject
		{EDEAB645-1159-4C8E-8F82-A83101E9AC36} = {EDEAB645-1159-4C8E-8F82-A83101E9AC36}
		{E4C76E54-67FA-4CE3-89E6-4DAFE8264C5B} = {E4C76E54-67FA-4CE3-89E6-4DAFE8264C5B}
	EndProjectSection
EndProject
Project("{8BC9CEB8-8B4A-11D0-8D11-00A0C91BC942}") = "2_单链表", "2_单链表\2_单链表.vcxproj", "{F6B86D8B-47BD-4D96-AAC1-D31A84B3DF0C}"
EndProject
Project("{8BC9CEB8-8B4A-11D0-8D11-00A0C91BC942}") = "2.2_无头结点单链表", "2.2_无头结点单链表\2.2_无头结点单链表.vcxproj", "{45443D0B-502E-4CDA-BECE-A2A94D36CD2C}"
	ProjectSection(ProjectDependencies) = postProject
		{EDEAB645-1159-4C8E-8F82-A83101E9AC36} = {EDEAB645-1159-4C8E-8F82-A83101E9AC36}
	EndProjectSection
EndProject
Project("{8BC9CEB8-8B4A-11D0-8D11-00A0C91BC942}") = "2.1_静态单链表", "2.1_静态单链表\2.1_静态单链表.vcxproj", "{F9E151C4-F971-4968-BB57-700FD12EDD76}"
EndProject
Global
	GlobalSection(SolutionConfigurationPlatforms) = preSolution
		Debug|x64 = Debug|x64
		Debug|x86 = Debug|x86
		Release|x64 = Release|x64
		Release|x86 = Release|x86
	EndGlobalSection
	GlobalSection(ProjectConfigurationPlatforms) = postSolution
		{EDEAB645-1159-4C8E-8F82-A83101E9AC36}.Debug|x64.ActiveCfg = Debug|x64
		{EDEAB645-1159-4C8E-8F82-A83101E9AC36}.Debug|x64.Build.0 = Debug|x64
		{EDEAB645-1159-4C8E-8F82-A83101E9AC36}.Debug|x86.ActiveCfg = Debug|x64
		{EDEAB645-1159-4C8E-8F82-A83101E9AC36}.Debug|x86.Build.0 = Debug|x64
		{EDEAB645-1159-4C8E-8F82-A83101E9AC36}.Release|x64.ActiveCfg = Release|x64
		{EDEAB645-1159-4C8E-8F82-A83101E9AC36}.Release|x64.Build.0 = Release|x64
		{EDEAB645-1159-4C8E-8F82-A83101E9AC36}.Release|x86.ActiveCfg = Release|Win32
		{EDEAB645-1159-4C8E-8F82-A83101E9AC36}.Release|x86.Build.0 = Release|Win32
		{E4C76E54-67FA-4CE3-89E6-4DAFE8264C5B}.Debug|x64.ActiveCfg = Debug|x64
		{E4C76E54-67FA-4CE3-89E6-4DAFE8264C5B}.Debug|x64.Build.0 = Debug|x64
		{E4C76E54-67FA-4CE3-89E6-4DAFE8264C5B}.Debug|x86.ActiveCfg = Debug|x64
		{E4C76E54-67FA-4CE3-89E6-4DAFE8264C5B}.Debug|x86.Build.0 = Debug|x64
		{E4C76E54-67FA-4CE3-89E6-4DAFE8264C5B}.Release|x64.ActiveCfg = Release|x64
		{E4C76E54-67FA-4CE3-89E6-4DAFE8264C5B}.Release|x64.Build.0 = Release|x64
		{E4C76E54-67FA-4CE3-89E6-4DAFE8264C5B}.Release|x86.ActiveCfg = Release|Win32
		{E4C76E54-67FA-4CE3-89E6-4DAFE8264C5B}.Release|x86.Build.0 = Release|Win32
		{EC927F71-EE1A-42A6-B404-57EE70E3CC93}.Debug|x64.ActiveCfg = Debug|x64
		{EC927F71-EE1A-42A6-B404-57EE70E3CC93}.Debug|x64.Build.0 = Debug|x64
		{EC927F71-EE1A-42A6-B404-57EE70E3CC93}.Debug|x86.ActiveCfg = Debug|x64
		{EC927F71-EE1A-42A6-B404-57EE70E3CC93}.Debug|x86.Build.0 = Debug|x64
		{EC927F71-EE1A-42A6-B404-57EE70E3CC93}.Release|x64.ActiveCfg = Release|x64
		{EC927F71-EE1A-42A6-B404-57EE70E3CC93}.Release|x64.Build.0 = Release|x64
		{EC927F71-EE1A-42A6-B404-57EE70E3CC93}.Release|x86.ActiveCfg = Release|Win32
		{EC927F71-EE1A-42A6-B404-57EE70E3CC93}.Release|x86.Build.0 = Release|Win32
		{F6B86D8B-47BD-4D96-AAC1-D31A84B3DF0C}.Debug|x64.ActiveCfg = Debug|x64
		{F6B86D8B-47BD-4D96-AAC1-D31A84B3DF0C}.Debug|x64.Build.0 = Debug|x64
		{F6B86D8B-47BD-4D96-AAC1-D31A84B3DF0C}.Debug|x86.ActiveCfg = Debug|Win32
		{F6B86D8B-47BD-4D96-AAC1-D31A84B3DF0C}.Debug|x86.Build.0 = Debug|Win32
		{F6B86D8B-47BD-4D96-AAC1-D31A84B3DF0C}.Release|x64.ActiveCfg = Release|x64
		{F6B86D8B-47BD-4D96-AAC1-D31A84B3DF0C}.Release|x64.Build.0 = Release|x64
		{F6B86D8B-47BD-4D96-AAC1-D31A84B3DF0C}.Release|x86.ActiveCfg = Release|Win32
		{F6B86D8B-47BD-4D96-AAC1-D31A84B3DF0C}.Release|x86.Build.0 = Release|Win32
		{45443D0B-502E-4CDA-BECE-A2A94D36CD2C}.Debug|x64.ActiveCfg = Debug|x64
		{45443D0B-502E-4CDA-BECE-A2A94D36CD2C}.Debug|x64.Build.0 = Debug|x64
		{45443D0B-502E-4CDA-BECE-A2A94D36CD2C}.Debug|x86.ActiveCfg = Debug|Win32
		{45443D0B-502E-4CDA-BECE-A2A94D36CD2C}.Debug|x86.Build.0 = Debug|Win32
		{45443D0B-502E-4CDA-BECE-A2A94D36CD2C}.Release|x64.ActiveCfg = Release|x64
		{45443D0B-502E-4CDA-BECE-A2A94D36CD2C}.Release|x64.Build.0 = Release|x64
		{45443D0B-502E-4CDA-BECE-A2A94D36CD2C}.Release|x86.ActiveCfg = Release|Win32
		{45443D0B-502E-4CDA-BECE-A2A94D36CD2C}.Release|x86.Build.0 = Release|Win32
		{F9E151C4-F971-4968-BB57-700FD12EDD76}.Debug|x64.ActiveCfg = Debug|x64
		{F9E151C4-F971-4968-BB57-700FD12EDD76}.Debug|x64.Build.0 = Debug|x64
		{F9E151C4-F971-4968-BB57-700FD12EDD76}.Debug|x86.ActiveCfg = Debug|Win32
		{F9E151C4-F971-4968-BB57-700FD12EDD76}.Debug|x86.Build.0 = Debug|Win32
		{F9E151C4-F971-4968-BB57-700FD12EDD76}.Release|x64.ActiveCfg = Release|x64
		{F9E151C4-F971-4968-BB57-700FD12EDD76}.Release|x64.Build.0 = Release|x64
		{F9E151C4-F971-4968-BB57-700FD12EDD76}.Release|x86.ActiveCfg = Release|Win32
		{F9E151C4-F971-4968-BB57-700FD12EDD76}.Release|x86.Build.0 = Release|Win32
	EndGlobalSection
	GlobalSection(SolutionProperties) = preSolution
		HideSolutionNode = FALSE
	EndGlobalSection
	GlobalSection(ExtensibilityGlobals) = postSolution
		SolutionGuid = {1D61E26B-8FFE-4C42-823A-6DAB5ADAF3FB}
	EndGlobalSection
EndGlobal
